
Microsoft Visual Studio Solution File, Format Version 12.00
# Visual Studio Version 16
VisualStudioVersion = 16.0.31313.79
MinimumVisualStudioVersion = 10.0.40219.1
Project("{FAE04EC0-301F-11D3-BF4B-00C04F79EFBC}") = "xadrez-console", "xadrez-console\xadrez-console.csproj", "{D4C308CB-C457-4F70-BF9F-D516D2D878C7}"
EndProject
Global
	GlobalSection(SolutionConfigurationPlatforms) = preSolution
		Debug|Any CPU = Debug|Any CPU
		Release|Any CPU = Release|Any CPU
	EndGlobalSection
	GlobalSection(ProjectConfigurationPlatforms) = postSolution
		{D4C308CB-C457-4F70-BF9F-D516D2D878C7}.Debug|Any CPU.ActiveCfg = Debug|Any CPU
		{D4C308CB-C457-4F70-BF9F-D516D2D878C7}.Debug|Any CPU.Build.0 = Debug|Any CPU
		{D4C308CB-C457-4F70-BF9F-D516D2D878C7}.Release|Any CPU.ActiveCfg = Release|Any CPU
		{D4C308CB-C457-4F70-BF9F-D516D2D878C7}.Release|Any CPU.Build.0 = Release|Any CPU
	EndGlobalSection
	GlobalSection(SolutionProperties) = preSolution
		HideSolutionNode = FALSE
	EndGlobalSection
	GlobalSection(ExtensibilityGlobals) = postSolution
		SolutionGuid = {197FBB37-A841-4948-B183-D4AD15C6A50A}
	EndGlobalSection
EndGlobal
